
Microsoft Visual Studio Solution File, Format Version 12.00
# Visual Studio Version 17
VisualStudioVersion = 17.4.33205.214
MinimumVisualStudioVersion = 10.0.40219.1
Project("{9A19103F-16F7-4668-BE54-9A1E7A4F7556}") = "Client.ConsumeAPI", "Client.ConsumeAPI\Client.ConsumeAPI.csproj", "{E1AA6A28-9549-4BF9-8648-39721A44CB8B}"
EndProject
Project("{9A19103F-16F7-4668-BE54-9A1E7A4F7556}") = "Core.Entity", "Core.Entity\Core.Entity.csproj", "{8CC9DF03-55D3-4DBF-90ED-F03C1F7280B7}"
EndProject
Project("{9A19103F-16F7-4668-BE54-9A1E7A4F7556}") = "WebAPI.GenericCRUD", "WebAPI.GenericCRUD\WebAPI.GenericCRUD.csproj", "{5727F6B5-4EC5-4F28-B945-FE6086930E7F}"
EndProject
Global
	GlobalSection(SolutionConfigurationPlatforms) = preSolution
		Debug|Any CPU = Debug|Any CPU
		Release|Any CPU = Release|Any CPU
	EndGlobalSection
	GlobalSection(ProjectConfigurationPlatforms) = postSolution
		{E1AA6A28-9549-4BF9-8648-39721A44CB8B}.Debug|Any CPU.ActiveCfg = Debug|Any CPU
		{E1AA6A28-9549-4BF9-8648-39721A44CB8B}.Debug|Any CPU.Build.0 = Debug|Any CPU
		{E1AA6A28-9549-4BF9-8648-39721A44CB8B}.Release|Any CPU.ActiveCfg = Release|Any CPU
		{E1AA6A28-9549-4BF9-8648-39721A44CB8B}.Release|Any CPU.Build.0 = Release|Any CPU
		{8CC9DF03-55D3-4DBF-90ED-F03C1F7280B7}.Debug|Any CPU.ActiveCfg = Debug|Any CPU
		{8CC9DF03-55D3-4DBF-90ED-F03C1F7280B7}.Debug|Any CPU.Build.0 = Debug|Any CPU
		{8CC9DF03-55D3-4DBF-90ED-F03C1F7280B7}.Release|Any CPU.ActiveCfg = Release|Any CPU
		{8CC9DF03-55D3-4DBF-90ED-F03C1F7280B7}.Release|Any CPU.Build.0 = Release|Any CPU
		{5727F6B5-4EC5-4F28-B945-FE6086930E7F}.Debug|Any CPU.ActiveCfg = Debug|Any CPU
		{5727F6B5-4EC5-4F28-B945-FE6086930E7F}.Debug|Any CPU.Build.0 = Debug|Any CPU
		{5727F6B5-4EC5-4F28-B945-FE6086930E7F}.Release|Any CPU.ActiveCfg = Release|Any CPU
		{5727F6B5-4EC5-4F28-B945-FE6086930E7F}.Release|Any CPU.Build.0 = Release|Any CPU
	EndGlobalSection
	GlobalSection(SolutionProperties) = preSolution
		HideSolutionNode = FALSE
	EndGlobalSection
	GlobalSection(ExtensibilityGlobals) = postSolution
		SolutionGuid = {65AFEFE7-7CCE-433B-BF9D-7829479A9477}
	EndGlobalSection
EndGlobal
